
Microsoft Visual Studio Solution File, Format Version 12.00
# Visual Studio Version 16
VisualStudioVersion = 16.0.31624.102
MinimumVisualStudioVersion = 10.0.40219.1
Project("{FAE04EC0-301F-11D3-BF4B-00C04F79EFBC}") = "6.4Uzduotis", "6.4Uzduotis\6.4Uzduotis.csproj", "{65EFBA46-6976-4299-914A-F03C0B783259}"
EndProject
Global
	GlobalSection(SolutionConfigurationPlatforms) = preSolution
		Debug|Any CPU = Debug|Any CPU
		Release|Any CPU = Release|Any CPU
	EndGlobalSection
	GlobalSection(ProjectConfigurationPlatforms) = postSolution
		{65EFBA46-6976-4299-914A-F03C0B783259}.Debug|Any CPU.ActiveCfg = Debug|Any CPU
		{65EFBA46-6976-4299-914A-F03C0B783259}.Debug|Any CPU.Build.0 = Debug|Any CPU
		{65EFBA46-6976-4299-914A-F03C0B783259}.Release|Any CPU.ActiveCfg = Release|Any CPU
		{65EFBA46-6976-4299-914A-F03C0B783259}.Release|Any CPU.Build.0 = Release|Any CPU
	EndGlobalSection
	GlobalSection(SolutionProperties) = preSolution
		HideSolutionNode = FALSE
	EndGlobalSection
	GlobalSection(ExtensibilityGlobals) = postSolution
		SolutionGuid = {C2E90839-A17D-4F98-AD37-23D52E6E2F73}
	EndGlobalSection
EndGlobal
